
Microsoft Visual Studio Solution File, Format Version 12.00
# Visual Studio 2013
VisualStudioVersion = 12.0.30723.0
MinimumVisualStudioVersion = 10.0.40219.1
Project("{FAE04EC0-301F-11D3-BF4B-00C04F79EFBC}") = "ClientSystem.Models", "ClientSystem.Models\ClientSystem.Models.csproj", "{7C80B4CB-0F30-426D-AE7A-B708854BE49B}"
EndProject
Project("{FAE04EC0-301F-11D3-BF4B-00C04F79EFBC}") = "ClientSystem.Data", "ClientSystem.Data\ClientSystem.Data.csproj", "{265A9BAA-B7D9-48F3-B8F0-68A0BA42D5A7}"
EndProject
Project("{2150E333-8FDC-42A3-9474-1A3956D46DE8}") = ".nuget", ".nuget", "{0B6EF519-5392-4834-A25E-0A17742BC71B}"
	ProjectSection(SolutionItems) = preProject
		.nuget\NuGet.Config = .nuget\NuGet.Config
		.nuget\NuGet.exe = .nuget\NuGet.exe
		.nuget\NuGet.targets = .nuget\NuGet.targets
	EndProjectSection
EndProject
Project("{FAE04EC0-301F-11D3-BF4B-00C04F79EFBC}") = "ClientSystem.WebAPI", "ClientSystem.WebAPI\ClientSystem.WebAPI.csproj", "{EAB0CDF1-E57B-4392-97E8-289DF20E7C50}"
EndProject
Global
	GlobalSection(SolutionConfigurationPlatforms) = preSolution
		Debug|Any CPU = Debug|Any CPU
		Release|Any CPU = Release|Any CPU
	EndGlobalSection
	GlobalSection(ProjectConfigurationPlatforms) = postSolution
		{7C80B4CB-0F30-426D-AE7A-B708854BE49B}.Debug|Any CPU.ActiveCfg = Debug|Any CPU
		{7C80B4CB-0F30-426D-AE7A-B708854BE49B}.Debug|Any CPU.Build.0 = Debug|Any CPU
		{7C80B4CB-0F30-426D-AE7A-B708854BE49B}.Release|Any CPU.ActiveCfg = Release|Any CPU
		{7C80B4CB-0F30-426D-AE7A-B708854BE49B}.Release|Any CPU.Build.0 = Release|Any CPU
		{265A9BAA-B7D9-48F3-B8F0-68A0BA42D5A7}.Debug|Any CPU.ActiveCfg = Debug|Any CPU
		{265A9BAA-B7D9-48F3-B8F0-68A0BA42D5A7}.Debug|Any CPU.Build.0 = Debug|Any CPU
		{265A9BAA-B7D9-48F3-B8F0-68A0BA42D5A7}.Release|Any CPU.ActiveCfg = Release|Any CPU
		{265A9BAA-B7D9-48F3-B8F0-68A0BA42D5A7}.Release|Any CPU.Build.0 = Release|Any CPU
		{EAB0CDF1-E57B-4392-97E8-289DF20E7C50}.Debug|Any CPU.ActiveCfg = Debug|Any CPU
		{EAB0CDF1-E57B-4392-97E8-289DF20E7C50}.Debug|Any CPU.Build.0 = Debug|Any CPU
		{EAB0CDF1-E57B-4392-97E8-289DF20E7C50}.Release|Any CPU.ActiveCfg = Release|Any CPU
		{EAB0CDF1-E57B-4392-97E8-289DF20E7C50}.Release|Any CPU.Build.0 = Release|Any CPU
	EndGlobalSection
	GlobalSection(SolutionProperties) = preSolution
		HideSolutionNode = FALSE
	EndGlobalSection
EndGlobal
